{
  "dependencies": {
    "aliyun-sdk": {
      "version": "1.9.2",
      "resolved": "https://registry.npmjs.org/aliyun-sdk/-/aliyun-sdk-1.9.2.tgz",
      "from": "aliyun-sdk@1.9.2",
      "dependencies": {
        "node_memcached": {
          "version": "1.1.3",
          "resolved": "https://registry.npmjs.org/node_memcached/-/node_memcached-1.1.3.tgz",
          "from": "node_memcached@1.1.3",
          "dependencies": {
            "debug": {
              "version": "2.2.0",
              "resolved": "https://registry.npmjs.org/debug/-/debug-2.2.0.tgz",
              "from": "debug@2.2.0",
              "dependencies": {
                "ms": {
                  "version": "0.7.1",
                  "resolved": "https://registry.npmjs.org/ms/-/ms-0.7.1.tgz",
                  "from": "ms@0.7.1"
                }
              }
            }
          }
        },
        "pomelo-protobuf": {
          "version": "0.4.0",
          "resolved": "https://registry.npmjs.org/pomelo-protobuf/-/pomelo-protobuf-0.4.0.tgz",
          "from": "pomelo-protobuf@0.4.0"
        },
        "protobufjs": {
          "version": "4.1.3",
          "resolved": "https://registry.npmjs.org/protobufjs/-/protobufjs-4.1.3.tgz",
          "from": "protobufjs@4.1.3",
          "dependencies": {
            "ascli": {
              "version": "1.0.0",
              "resolved": "https://registry.npmjs.org/ascli/-/ascli-1.0.0.tgz",
              "from": "ascli@1.0.0",
              "dependencies": {
                "colour": {
                  "version": "0.7.1",
                  "resolved": "https://registry.npmjs.org/colour/-/colour-0.7.1.tgz",
                  "from": "colour@0.7.1"
                },
                "optjs": {
                  "version": "3.2.2",
                  "resolved": "https://registry.npmjs.org/optjs/-/optjs-3.2.2.tgz",
                  "from": "optjs@3.2.2"
                }
              }
            },
            "bytebuffer": {
              "version": "4.1.0",
              "resolved": "https://registry.npmjs.org/bytebuffer/-/bytebuffer-4.1.0.tgz",
              "from": "bytebuffer@4.1.0",
              "dependencies": {
                "bufferview": {
                  "version": "1.0.1",
                  "resolved": "https://registry.npmjs.org/bufferview/-/bufferview-1.0.1.tgz",
                  "from": "bufferview@1.0.1"
                },
                "long": {
                  "version": "2.4.0",
                  "resolved": "https://registry.npmjs.org/long/-/long-2.4.0.tgz",
                  "from": "long@2.4.0"
                }
              }
            },
            "glob": {
              "version": "5.0.15",
              "resolved": "https://registry.npmjs.org/glob/-/glob-5.0.15.tgz",
              "from": "glob@5.0.15",
              "dependencies": {
                "inflight": {
                  "version": "1.0.5",
                  "resolved": "https://registry.npmjs.org/inflight/-/inflight-1.0.5.tgz",
                  "from": "inflight@1.0.5",
                  "dependencies": {
                    "wrappy": {
                      "version": "1.0.2",
                      "resolved": "https://registry.npmjs.org/wrappy/-/wrappy-1.0.2.tgz",
                      "from": "wrappy@1.0.2"
                    }
                  }
                },
                "inherits": {
                  "version": "2.0.3",
                  "resolved": "https://registry.npmjs.org/inherits/-/inherits-2.0.3.tgz",
                  "from": "inherits@2.0.3"
                },
                "minimatch": {
                  "version": "3.0.3",
                  "resolved": "https://registry.npmjs.org/minimatch/-/minimatch-3.0.3.tgz",
                  "from": "minimatch@3.0.3",
                  "dependencies": {
                    "brace-expansion": {
                      "version": "1.1.6",
                      "resolved": "https://registry.npmjs.org/brace-expansion/-/brace-expansion-1.1.6.tgz",
                      "from": "brace-expansion@1.1.6",
                      "dependencies": {
                        "balanced-match": {
                          "version": "0.4.2",
                          "resolved": "https://registry.npmjs.org/balanced-match/-/balanced-match-0.4.2.tgz",
                          "from": "balanced-match@0.4.2"
                        },
                        "concat-map": {
                          "version": "0.0.1",
                          "resolved": "https://registry.npmjs.org/concat-map/-/concat-map-0.0.1.tgz",
                          "from": "concat-map@0.0.1"
                        }
                      }
                    }
                  }
                },
                "once": {
                  "version": "1.4.0",
                  "resolved": "https://registry.npmjs.org/once/-/once-1.4.0.tgz",
                  "from": "once@1.4.0",
                  "dependencies": {
                    "wrappy": {
                      "version": "1.0.2",
                      "resolved": "https://registry.npmjs.org/wrappy/-/wrappy-1.0.2.tgz",
                      "from": "wrappy@1.0.2"
                    }
                  }
                },
                "path-is-absolute": {
                  "version": "1.0.0",
                  "resolved": "https://registry.npmjs.org/path-is-absolute/-/path-is-absolute-1.0.0.tgz",
                  "from": "path-is-absolute@1.0.0"
                }
              }
            },
            "yargs": {
              "version": "3.32.0",
              "resolved": "https://registry.npmjs.org/yargs/-/yargs-3.32.0.tgz",
              "from": "yargs@3.32.0",
              "dependencies": {
                "camelcase": {
                  "version": "2.1.1",
                  "resolved": "https://registry.npmjs.org/camelcase/-/camelcase-2.1.1.tgz",
                  "from": "camelcase@2.1.1"
                },
                "cliui": {
                  "version": "3.2.0",
                  "resolved": "https://registry.npmjs.org/cliui/-/cliui-3.2.0.tgz",
                  "from": "cliui@3.2.0",
                  "dependencies": {
                    "strip-ansi": {
                      "version": "3.0.1",
                      "resolved": "https://registry.npmjs.org/strip-ansi/-/strip-ansi-3.0.1.tgz",
                      "from": "strip-ansi@3.0.1",
                      "dependencies": {
                        "ansi-regex": {
                          "version": "2.0.0",
                          "resolved": "https://registry.npmjs.org/ansi-regex/-/ansi-regex-2.0.0.tgz",
                          "from": "ansi-regex@2.0.0"
                        }
                      }
                    },
                    "wrap-ansi": {
                      "version": "2.0.0",
                      "resolved": "https://registry.npmjs.org/wrap-ansi/-/wrap-ansi-2.0.0.tgz",
                      "from": "wrap-ansi@2.0.0"
                    }
                  }
                },
                "decamelize": {
                  "version": "1.2.0",
                  "resolved": "https://registry.npmjs.org/decamelize/-/decamelize-1.2.0.tgz",
                  "from": "decamelize@1.2.0"
                },
                "os-locale": {
                  "version": "1.4.0",
                  "resolved": "https://registry.npmjs.org/os-locale/-/os-locale-1.4.0.tgz",
                  "from": "os-locale@1.4.0",
                  "dependencies": {
                    "lcid": {
                      "version": "1.0.0",
                      "resolved": "https://registry.npmjs.org/lcid/-/lcid-1.0.0.tgz",
                      "from": "lcid@1.0.0",
                      "dependencies": {
                        "invert-kv": {
                          "version": "1.0.0",
                          "resolved": "https://registry.npmjs.org/invert-kv/-/invert-kv-1.0.0.tgz",
                          "from": "invert-kv@1.0.0"
                        }
                      }
                    }
                  }
                },
                "string-width": {
                  "version": "1.0.2",
                  "resolved": "https://registry.npmjs.org/string-width/-/string-width-1.0.2.tgz",
                  "from": "string-width@1.0.2",
                  "dependencies": {
                    "code-point-at": {
                      "version": "1.0.0",
                      "resolved": "https://registry.npmjs.org/code-point-at/-/code-point-at-1.0.0.tgz",
                      "from": "code-point-at@1.0.0",
                      "dependencies": {
                        "number-is-nan": {
                          "version": "1.0.0",
                          "resolved": "https://registry.npmjs.org/number-is-nan/-/number-is-nan-1.0.0.tgz",
                          "from": "number-is-nan@1.0.0"
                        }
                      }
                    },
                    "is-fullwidth-code-point": {
                      "version": "1.0.0",
                      "resolved": "https://registry.npmjs.org/is-fullwidth-code-point/-/is-fullwidth-code-point-1.0.0.tgz",
                      "from": "is-fullwidth-code-point@1.0.0",
                      "dependencies": {
                        "number-is-nan": {
                          "version": "1.0.0",
                          "resolved": "https://registry.npmjs.org/number-is-nan/-/number-is-nan-1.0.0.tgz",
                          "from": "number-is-nan@1.0.0"
                        }
                      }
                    },
                    "strip-ansi": {
                      "version": "3.0.1",
                      "resolved": "https://registry.npmjs.org/strip-ansi/-/strip-ansi-3.0.1.tgz",
                      "from": "strip-ansi@3.0.1",
                      "dependencies": {
                        "ansi-regex": {
                          "version": "2.0.0",
                          "resolved": "https://registry.npmjs.org/ansi-regex/-/ansi-regex-2.0.0.tgz",
                          "from": "ansi-regex@2.0.0"
                        }
                      }
                    }
                  }
                },
                "window-size": {
                  "version": "0.1.4",
                  "resolved": "https://registry.npmjs.org/window-size/-/window-size-0.1.4.tgz",
                  "from": "window-size@0.1.4"
                },
                "y18n": {
                  "version": "3.2.1",
                  "resolved": "https://registry.npmjs.org/y18n/-/y18n-3.2.1.tgz",
                  "from": "y18n@3.2.1"
                }
              }
            }
          }
        },
        "xml2js": {
          "version": "0.4.4",
          "resolved": "http://registry.npm.taobao.org/xml2js/download/xml2js-0.4.4.tgz",
          "from": "xml2js@http://registry.npm.taobao.org/xml2js/download/xml2js-0.4.4.tgz",
          "dependencies": {
            "sax": {
              "version": "0.6.1",
              "resolved": "https://registry.npmjs.org/sax/-/sax-0.6.1.tgz",
              "from": "sax@0.6.1"
            }
          }
        },
        "xmlbuilder": {
          "version": "2.6.5",
          "resolved": "https://registry.npmjs.org/xmlbuilder/-/xmlbuilder-2.6.5.tgz",
          "from": "xmlbuilder@2.6.5",
          "dependencies": {
            "lodash": {
              "version": "3.10.1",
              "resolved": "https://registry.npmjs.org/lodash/-/lodash-3.10.1.tgz",
              "from": "lodash@3.10.1"
            }
          }
        }
      }
    }
  }
}
