{
  "dependencies": {
    "busboy": {
      "version": "http://registry.npm.taobao.org/busboy/download/busboy-0.2.13.tgz",
      "dependencies": {
        "dicer": {
          "version": "http://registry.npm.taobao.org/dicer/download/dicer-0.2.5.tgz",
          "dependencies": {
            "streamsearch": {
              "version": "http://registry.npm.taobao.org/streamsearch/download/streamsearch-0.1.2.tgz"
            }
          }
        },
        "readable-stream": {
          "version": "http://registry.npm.taobao.org/readable-stream/download/readable-stream-1.1.14.tgz",
          "dependencies": {
            "core-util-is": {
              "version": "http://registry.npm.taobao.org/core-util-is/download/core-util-is-1.0.2.tgz"
            },
            "isarray": {
              "version": "http://registry.npm.taobao.org/isarray/download/isarray-0.0.1.tgz"
            },
            "string_decoder": {
              "version": "http://registry.npm.taobao.org/string_decoder/download/string_decoder-0.10.31.tgz"
            },
            "inherits": {
              "version": "http://registry.npm.taobao.org/inherits/download/inherits-2.0.1.tgz"
            }
          }
        }
      }
    },
    "cookies": {
      "version": "http://registry.npm.taobao.org/cookies/download/cookies-0.6.1.tgz",
      "dependencies": {
        "depd": {
          "version": "http://registry.npm.taobao.org/depd/download/depd-1.1.0.tgz"
        },
        "keygrip": {
          "version": "http://registry.npm.taobao.org/keygrip/download/keygrip-1.0.1.tgz"
        }
      }
    },
    "mime": {
      "version": "http://registry.npm.taobao.org/mime/download/mime-1.3.4.tgz"
    }
  }
}
