{
  "dependencies": {
    "camelcase": {
      "version": "3.0.0",
      "resolved": "https://registry.npmjs.org/camelcase/-/camelcase-3.0.0.tgz",
      "from": "camelcase@>=3.0.0 <3.1.0"
    },
    "cookies": {
      "version": "0.6.1",
      "resolved": "https://registry.npmjs.org/cookies/-/cookies-0.6.1.tgz",
      "from": "cookies@0.6.1"
    },
    "depd": {
      "version": "1.1.0",
      "resolved": "https://registry.npmjs.org/depd/-/depd-1.1.0.tgz",
      "from": "depd@>=1.1.0 <1.2.0"
    },
    "foldline": {
      "version": "1.0.0",
      "resolved": "https://registry.npmjs.org/foldline/-/foldline-1.0.0.tgz",
      "from": "foldline@>=1.0.0 <1.1.0"
    },
    "keygrip": {
      "version": "1.0.1",
      "resolved": "https://registry.npmjs.org/keygrip/-/keygrip-1.0.1.tgz",
      "from": "keygrip@>=1.0.0 <1.1.0"
    },
    "vcf": {
      "version": "1.1.2",
      "resolved": "https://registry.npmjs.org/vcf/-/vcf-1.1.2.tgz",
      "from": "vcf@1.1.2"
    }
  }
}
