{
  "dependencies": {
    "cookies": {
      "version": "0.6.1",
      "resolved": "https://registry.npmjs.org/cookies/-/cookies-0.6.1.tgz",
      "from": "cookies@0.6.1"
    },
    "depd": {
      "version": "1.1.0",
      "resolved": "https://registry.npmjs.org/depd/-/depd-1.1.0.tgz",
      "from": "depd@>=1.1.0 <1.2.0"
    },
    "ejs": {
      "version": "2.5.5",
      "resolved": "https://registry.npmjs.org/ejs/-/ejs-2.5.5.tgz",
      "from": "ejs@2.5.5"
    },
    "keygrip": {
      "version": "1.0.1",
      "resolved": "https://registry.npmjs.org/keygrip/-/keygrip-1.0.1.tgz",
      "from": "keygrip@>=1.0.0 <1.1.0"
    }
  }
}
