{
  "dependencies": {
    "node-schedule": {
      "version": "1.1.1",
      "resolved": "https://registry.npmjs.org/node-schedule/-/node-schedule-1.1.1.tgz",
      "from": "node-schedule@1.1.1",
      "dependencies": {
        "cron-parser": {
          "version": "1.1.0",
          "resolved": "https://registry.npmjs.org/cron-parser/-/cron-parser-1.1.0.tgz",
          "from": "cron-parser@1.1.0"
        },
        "long-timeout": {
          "version": "0.0.2",
          "resolved": "https://registry.npmjs.org/long-timeout/-/long-timeout-0.0.2.tgz",
          "from": "long-timeout@0.0.2"
        }
      }
    }
  }
}
